
Microsoft Visual Studio Solution File, Format Version 12.00
# Visual Studio 15
VisualStudioVersion = 15.0.28307.645
MinimumVisualStudioVersion = 10.0.40219.1
Project("{FAE04EC0-301F-11D3-BF4B-00C04F79EFBC}") = "MyShopTwo.WebUI", "MyShopTwo\MyShopTwo.WebUI.csproj", "{3064FB59-6623-4B96-8FC2-02792EF3C4F7}"
EndProject
Project("{FAE04EC0-301F-11D3-BF4B-00C04F79EFBC}") = "MyShopTwo.Tests", "MyShopTwo.Tests\MyShopTwo.Tests.csproj", "{837FCF98-173A-4D2D-8C9F-F8FDDB0A16AB}"
EndProject
Project("{FAE04EC0-301F-11D3-BF4B-00C04F79EFBC}") = "MyShopTwo.Core", "MyShopTwo.Core\MyShopTwo.Core.csproj", "{DF0CCEF1-D8E3-47A9-8A35-A670134B0E71}"
EndProject
Project("{FAE04EC0-301F-11D3-BF4B-00C04F79EFBC}") = "MyShopTwo.Services", "MyShopTwo.Services\MyShopTwo.Services.csproj", "{872E95EB-B080-4A6E-ADF1-A87F9CDC8608}"
EndProject
Project("{FAE04EC0-301F-11D3-BF4B-00C04F79EFBC}") = "MyShopTwo.DataAccess.SQL", "MyShopTwo.DataAccess.SQL\MyShopTwo.DataAccess.SQL.csproj", "{A1A098DF-1880-4B14-969C-2E33D64F682E}"
EndProject
Project("{FAE04EC0-301F-11D3-BF4B-00C04F79EFBC}") = "MyShopTwo.DataAccess.InMemory", "MyShopTwo.DataAccess.InMemory\MyShopTwo.DataAccess.InMemory.csproj", "{57429CAD-3C48-459A-B915-E04E86AEFDB5}"
EndProject
Global
	GlobalSection(SolutionConfigurationPlatforms) = preSolution
		Debug|Any CPU = Debug|Any CPU
		Debug|ARM = Debug|ARM
		Debug|ARM64 = Debug|ARM64
		Debug|x64 = Debug|x64
		Debug|x86 = Debug|x86
		Release|Any CPU = Release|Any CPU
		Release|ARM = Release|ARM
		Release|ARM64 = Release|ARM64
		Release|x64 = Release|x64
		Release|x86 = Release|x86
	EndGlobalSection
	GlobalSection(ProjectConfigurationPlatforms) = postSolution
		{3064FB59-6623-4B96-8FC2-02792EF3C4F7}.Debug|Any CPU.ActiveCfg = Debug|Any CPU
		{3064FB59-6623-4B96-8FC2-02792EF3C4F7}.Debug|Any CPU.Build.0 = Debug|Any CPU
		{3064FB59-6623-4B96-8FC2-02792EF3C4F7}.Debug|ARM.ActiveCfg = Debug|Any CPU
		{3064FB59-6623-4B96-8FC2-02792EF3C4F7}.Debug|ARM.Build.0 = Debug|Any CPU
		{3064FB59-6623-4B96-8FC2-02792EF3C4F7}.Debug|ARM64.ActiveCfg = Debug|Any CPU
		{3064FB59-6623-4B96-8FC2-02792EF3C4F7}.Debug|ARM64.Build.0 = Debug|Any CPU
		{3064FB59-6623-4B96-8FC2-02792EF3C4F7}.Debug|x64.ActiveCfg = Debug|Any CPU
		{3064FB59-6623-4B96-8FC2-02792EF3C4F7}.Debug|x64.Build.0 = Debug|Any CPU
		{3064FB59-6623-4B96-8FC2-02792EF3C4F7}.Debug|x86.ActiveCfg = Debug|Any CPU
		{3064FB59-6623-4B96-8FC2-02792EF3C4F7}.Debug|x86.Build.0 = Debug|Any CPU
		{3064FB59-6623-4B96-8FC2-02792EF3C4F7}.Release|Any CPU.ActiveCfg = Release|Any CPU
		{3064FB59-6623-4B96-8FC2-02792EF3C4F7}.Release|Any CPU.Build.0 = Release|Any CPU
		{3064FB59-6623-4B96-8FC2-02792EF3C4F7}.Release|ARM.ActiveCfg = Release|Any CPU
		{3064FB59-6623-4B96-8FC2-02792EF3C4F7}.Release|ARM.Build.0 = Release|Any CPU
		{3064FB59-6623-4B96-8FC2-02792EF3C4F7}.Release|ARM64.ActiveCfg = Release|Any CPU
		{3064FB59-6623-4B96-8FC2-02792EF3C4F7}.Release|ARM64.Build.0 = Release|Any CPU
		{3064FB59-6623-4B96-8FC2-02792EF3C4F7}.Release|x64.ActiveCfg = Release|Any CPU
		{3064FB59-6623-4B96-8FC2-02792EF3C4F7}.Release|x64.Build.0 = Release|Any CPU
		{3064FB59-6623-4B96-8FC2-02792EF3C4F7}.Release|x86.ActiveCfg = Release|Any CPU
		{3064FB59-6623-4B96-8FC2-02792EF3C4F7}.Release|x86.Build.0 = Release|Any CPU
		{837FCF98-173A-4D2D-8C9F-F8FDDB0A16AB}.Debug|Any CPU.ActiveCfg = Debug|Any CPU
		{837FCF98-173A-4D2D-8C9F-F8FDDB0A16AB}.Debug|Any CPU.Build.0 = Debug|Any CPU
		{837FCF98-173A-4D2D-8C9F-F8FDDB0A16AB}.Debug|ARM.ActiveCfg = Debug|Any CPU
		{837FCF98-173A-4D2D-8C9F-F8FDDB0A16AB}.Debug|ARM.Build.0 = Debug|Any CPU
		{837FCF98-173A-4D2D-8C9F-F8FDDB0A16AB}.Debug|ARM64.ActiveCfg = Debug|Any CPU
		{837FCF98-173A-4D2D-8C9F-F8FDDB0A16AB}.Debug|ARM64.Build.0 = Debug|Any CPU
		{837FCF98-173A-4D2D-8C9F-F8FDDB0A16AB}.Debug|x64.ActiveCfg = Debug|Any CPU
		{837FCF98-173A-4D2D-8C9F-F8FDDB0A16AB}.Debug|x64.Build.0 = Debug|Any CPU
		{837FCF98-173A-4D2D-8C9F-F8FDDB0A16AB}.Debug|x86.ActiveCfg = Debug|Any CPU
		{837FCF98-173A-4D2D-8C9F-F8FDDB0A16AB}.Debug|x86.Build.0 = Debug|Any CPU
		{837FCF98-173A-4D2D-8C9F-F8FDDB0A16AB}.Release|Any CPU.ActiveCfg = Release|Any CPU
		{837FCF98-173A-4D2D-8C9F-F8FDDB0A16AB}.Release|Any CPU.Build.0 = Release|Any CPU
		{837FCF98-173A-4D2D-8C9F-F8FDDB0A16AB}.Release|ARM.ActiveCfg = Release|Any CPU
		{837FCF98-173A-4D2D-8C9F-F8FDDB0A16AB}.Release|ARM.Build.0 = Release|Any CPU
		{837FCF98-173A-4D2D-8C9F-F8FDDB0A16AB}.Release|ARM64.ActiveCfg = Release|Any CPU
		{837FCF98-173A-4D2D-8C9F-F8FDDB0A16AB}.Release|ARM64.Build.0 = Release|Any CPU
		{837FCF98-173A-4D2D-8C9F-F8FDDB0A16AB}.Release|x64.ActiveCfg = Release|Any CPU
		{837FCF98-173A-4D2D-8C9F-F8FDDB0A16AB}.Release|x64.Build.0 = Release|Any CPU
		{837FCF98-173A-4D2D-8C9F-F8FDDB0A16AB}.Release|x86.ActiveCfg = Release|Any CPU
		{837FCF98-173A-4D2D-8C9F-F8FDDB0A16AB}.Release|x86.Build.0 = Release|Any CPU
		{DF0CCEF1-D8E3-47A9-8A35-A670134B0E71}.Debug|Any CPU.ActiveCfg = Debug|Any CPU
		{DF0CCEF1-D8E3-47A9-8A35-A670134B0E71}.Debug|Any CPU.Build.0 = Debug|Any CPU
		{DF0CCEF1-D8E3-47A9-8A35-A670134B0E71}.Debug|ARM.ActiveCfg = Debug|Any CPU
		{DF0CCEF1-D8E3-47A9-8A35-A670134B0E71}.Debug|ARM.Build.0 = Debug|Any CPU
		{DF0CCEF1-D8E3-47A9-8A35-A670134B0E71}.Debug|ARM64.ActiveCfg = Debug|Any CPU
		{DF0CCEF1-D8E3-47A9-8A35-A670134B0E71}.Debug|ARM64.Build.0 = Debug|Any CPU
		{DF0CCEF1-D8E3-47A9-8A35-A670134B0E71}.Debug|x64.ActiveCfg = Debug|Any CPU
		{DF0CCEF1-D8E3-47A9-8A35-A670134B0E71}.Debug|x64.Build.0 = Debug|Any CPU
		{DF0CCEF1-D8E3-47A9-8A35-A670134B0E71}.Debug|x86.ActiveCfg = Debug|Any CPU
		{DF0CCEF1-D8E3-47A9-8A35-A670134B0E71}.Debug|x86.Build.0 = Debug|Any CPU
		{DF0CCEF1-D8E3-47A9-8A35-A670134B0E71}.Release|Any CPU.ActiveCfg = Release|Any CPU
		{DF0CCEF1-D8E3-47A9-8A35-A670134B0E71}.Release|Any CPU.Build.0 = Release|Any CPU
		{DF0CCEF1-D8E3-47A9-8A35-A670134B0E71}.Release|ARM.ActiveCfg = Release|Any CPU
		{DF0CCEF1-D8E3-47A9-8A35-A670134B0E71}.Release|ARM.Build.0 = Release|Any CPU
		{DF0CCEF1-D8E3-47A9-8A35-A670134B0E71}.Release|ARM64.ActiveCfg = Release|Any CPU
		{DF0CCEF1-D8E3-47A9-8A35-A670134B0E71}.Release|ARM64.Build.0 = Release|Any CPU
		{DF0CCEF1-D8E3-47A9-8A35-A670134B0E71}.Release|x64.ActiveCfg = Release|Any CPU
		{DF0CCEF1-D8E3-47A9-8A35-A670134B0E71}.Release|x64.Build.0 = Release|Any CPU
		{DF0CCEF1-D8E3-47A9-8A35-A670134B0E71}.Release|x86.ActiveCfg = Release|Any CPU
		{DF0CCEF1-D8E3-47A9-8A35-A670134B0E71}.Release|x86.Build.0 = Release|Any CPU
		{872E95EB-B080-4A6E-ADF1-A87F9CDC8608}.Debug|Any CPU.ActiveCfg = Debug|Any CPU
		{872E95EB-B080-4A6E-ADF1-A87F9CDC8608}.Debug|Any CPU.Build.0 = Debug|Any CPU
		{872E95EB-B080-4A6E-ADF1-A87F9CDC8608}.Debug|ARM.ActiveCfg = Debug|Any CPU
		{872E95EB-B080-4A6E-ADF1-A87F9CDC8608}.Debug|ARM.Build.0 = Debug|Any CPU
		{872E95EB-B080-4A6E-ADF1-A87F9CDC8608}.Debug|ARM64.ActiveCfg = Debug|Any CPU
		{872E95EB-B080-4A6E-ADF1-A87F9CDC8608}.Debug|ARM64.Build.0 = Debug|Any CPU
		{872E95EB-B080-4A6E-ADF1-A87F9CDC8608}.Debug|x64.ActiveCfg = Debug|Any CPU
		{872E95EB-B080-4A6E-ADF1-A87F9CDC8608}.Debug|x64.Build.0 = Debug|Any CPU
		{872E95EB-B080-4A6E-ADF1-A87F9CDC8608}.Debug|x86.ActiveCfg = Debug|Any CPU
		{872E95EB-B080-4A6E-ADF1-A87F9CDC8608}.Debug|x86.Build.0 = Debug|Any CPU
		{872E95EB-B080-4A6E-ADF1-A87F9CDC8608}.Release|Any CPU.ActiveCfg = Release|Any CPU
		{872E95EB-B080-4A6E-ADF1-A87F9CDC8608}.Release|Any CPU.Build.0 = Release|Any CPU
		{872E95EB-B080-4A6E-ADF1-A87F9CDC8608}.Release|ARM.ActiveCfg = Release|Any CPU
		{872E95EB-B080-4A6E-ADF1-A87F9CDC8608}.Release|ARM.Build.0 = Release|Any CPU
		{872E95EB-B080-4A6E-ADF1-A87F9CDC8608}.Release|ARM64.ActiveCfg = Release|Any CPU
		{872E95EB-B080-4A6E-ADF1-A87F9CDC8608}.Release|ARM64.Build.0 = Release|Any CPU
		{872E95EB-B080-4A6E-ADF1-A87F9CDC8608}.Release|x64.ActiveCfg = Release|Any CPU
		{872E95EB-B080-4A6E-ADF1-A87F9CDC8608}.Release|x64.Build.0 = Release|Any CPU
		{872E95EB-B080-4A6E-ADF1-A87F9CDC8608}.Release|x86.ActiveCfg = Release|Any CPU
		{872E95EB-B080-4A6E-ADF1-A87F9CDC8608}.Release|x86.Build.0 = Release|Any CPU
		{A1A098DF-1880-4B14-969C-2E33D64F682E}.Debug|Any CPU.ActiveCfg = Debug|Any CPU
		{A1A098DF-1880-4B14-969C-2E33D64F682E}.Debug|Any CPU.Build.0 = Debug|Any CPU
		{A1A098DF-1880-4B14-969C-2E33D64F682E}.Debug|ARM.ActiveCfg = Debug|Any CPU
		{A1A098DF-1880-4B14-969C-2E33D64F682E}.Debug|ARM.Build.0 = Debug|Any CPU
		{A1A098DF-1880-4B14-969C-2E33D64F682E}.Debug|ARM64.ActiveCfg = Debug|Any CPU
		{A1A098DF-1880-4B14-969C-2E33D64F682E}.Debug|ARM64.Build.0 = Debug|Any CPU
		{A1A098DF-1880-4B14-969C-2E33D64F682E}.Debug|x64.ActiveCfg = Debug|Any CPU
		{A1A098DF-1880-4B14-969C-2E33D64F682E}.Debug|x64.Build.0 = Debug|Any CPU
		{A1A098DF-1880-4B14-969C-2E33D64F682E}.Debug|x86.ActiveCfg = Debug|Any CPU
		{A1A098DF-1880-4B14-969C-2E33D64F682E}.Debug|x86.Build.0 = Debug|Any CPU
		{A1A098DF-1880-4B14-969C-2E33D64F682E}.Release|Any CPU.ActiveCfg = Release|Any CPU
		{A1A098DF-1880-4B14-969C-2E33D64F682E}.Release|Any CPU.Build.0 = Release|Any CPU
		{A1A098DF-1880-4B14-969C-2E33D64F682E}.Release|ARM.ActiveCfg = Release|Any CPU
		{A1A098DF-1880-4B14-969C-2E33D64F682E}.Release|ARM.Build.0 = Release|Any CPU
		{A1A098DF-1880-4B14-969C-2E33D64F682E}.Release|ARM64.ActiveCfg = Release|Any CPU
		{A1A098DF-1880-4B14-969C-2E33D64F682E}.Release|ARM64.Build.0 = Release|Any CPU
		{A1A098DF-1880-4B14-969C-2E33D64F682E}.Release|x64.ActiveCfg = Release|Any CPU
		{A1A098DF-1880-4B14-969C-2E33D64F682E}.Release|x64.Build.0 = Release|Any CPU
		{A1A098DF-1880-4B14-969C-2E33D64F682E}.Release|x86.ActiveCfg = Release|Any CPU
		{A1A098DF-1880-4B14-969C-2E33D64F682E}.Release|x86.Build.0 = Release|Any CPU
		{57429CAD-3C48-459A-B915-E04E86AEFDB5}.Debug|Any CPU.ActiveCfg = Debug|Any CPU
		{57429CAD-3C48-459A-B915-E04E86AEFDB5}.Debug|Any CPU.Build.0 = Debug|Any CPU
		{57429CAD-3C48-459A-B915-E04E86AEFDB5}.Debug|ARM.ActiveCfg = Debug|Any CPU
		{57429CAD-3C48-459A-B915-E04E86AEFDB5}.Debug|ARM.Build.0 = Debug|Any CPU
		{57429CAD-3C48-459A-B915-E04E86AEFDB5}.Debug|ARM64.ActiveCfg = Debug|Any CPU
		{57429CAD-3C48-459A-B915-E04E86AEFDB5}.Debug|ARM64.Build.0 = Debug|Any CPU
		{57429CAD-3C48-459A-B915-E04E86AEFDB5}.Debug|x64.ActiveCfg = Debug|Any CPU
		{57429CAD-3C48-459A-B915-E04E86AEFDB5}.Debug|x64.Build.0 = Debug|Any CPU
		{57429CAD-3C48-459A-B915-E04E86AEFDB5}.Debug|x86.ActiveCfg = Debug|Any CPU
		{57429CAD-3C48-459A-B915-E04E86AEFDB5}.Debug|x86.Build.0 = Debug|Any CPU
		{57429CAD-3C48-459A-B915-E04E86AEFDB5}.Release|Any CPU.ActiveCfg = Release|Any CPU
		{57429CAD-3C48-459A-B915-E04E86AEFDB5}.Release|Any CPU.Build.0 = Release|Any CPU
		{57429CAD-3C48-459A-B915-E04E86AEFDB5}.Release|ARM.ActiveCfg = Release|Any CPU
		{57429CAD-3C48-459A-B915-E04E86AEFDB5}.Release|ARM.Build.0 = Release|Any CPU
		{57429CAD-3C48-459A-B915-E04E86AEFDB5}.Release|ARM64.ActiveCfg = Release|Any CPU
		{57429CAD-3C48-459A-B915-E04E86AEFDB5}.Release|ARM64.Build.0 = Release|Any CPU
		{57429CAD-3C48-459A-B915-E04E86AEFDB5}.Release|x64.ActiveCfg = Release|Any CPU
		{57429CAD-3C48-459A-B915-E04E86AEFDB5}.Release|x64.Build.0 = Release|Any CPU
		{57429CAD-3C48-459A-B915-E04E86AEFDB5}.Release|x86.ActiveCfg = Release|Any CPU
		{57429CAD-3C48-459A-B915-E04E86AEFDB5}.Release|x86.Build.0 = Release|Any CPU
	EndGlobalSection
	GlobalSection(SolutionProperties) = preSolution
		HideSolutionNode = FALSE
	EndGlobalSection
	GlobalSection(ExtensibilityGlobals) = postSolution
		SolutionGuid = {D8BE61E1-DE09-4EEF-8408-490042450F34}
	EndGlobalSection
EndGlobal
